
Microsoft Visual Studio Solution File, Format Version 12.00
# Visual Studio 15
VisualStudioVersion = 15.0.26228.9
MinimumVisualStudioVersion = 10.0.40219.1
Project("{FAE04EC0-301F-11D3-BF4B-00C04F79EFBC}") = "Leetcode", "Leetcode\Leetcode.csproj", "{FF12DCDA-8B16-43B9-917F-B3CD601E6EE3}"
EndProject
Project("{FAE04EC0-301F-11D3-BF4B-00C04F79EFBC}") = "Common", "Common\Common.csproj", "{35EB8AFF-3F16-44F4-BAF9-EDDC5B860826}"
EndProject
Project("{FAE04EC0-301F-11D3-BF4B-00C04F79EFBC}") = "Model", "Model\Model.csproj", "{C3D2A439-83D0-4615-84E1-98F57AC8E7EF}"
EndProject
Global
	GlobalSection(SolutionConfigurationPlatforms) = preSolution
		Debug|Any CPU = Debug|Any CPU
		Release|Any CPU = Release|Any CPU
	EndGlobalSection
	GlobalSection(ProjectConfigurationPlatforms) = postSolution
		{FF12DCDA-8B16-43B9-917F-B3CD601E6EE3}.Debug|Any CPU.ActiveCfg = Debug|Any CPU
		{FF12DCDA-8B16-43B9-917F-B3CD601E6EE3}.Debug|Any CPU.Build.0 = Debug|Any CPU
		{FF12DCDA-8B16-43B9-917F-B3CD601E6EE3}.Release|Any CPU.ActiveCfg = Release|Any CPU
		{FF12DCDA-8B16-43B9-917F-B3CD601E6EE3}.Release|Any CPU.Build.0 = Release|Any CPU
		{35EB8AFF-3F16-44F4-BAF9-EDDC5B860826}.Debug|Any CPU.ActiveCfg = Debug|Any CPU
		{35EB8AFF-3F16-44F4-BAF9-EDDC5B860826}.Debug|Any CPU.Build.0 = Debug|Any CPU
		{35EB8AFF-3F16-44F4-BAF9-EDDC5B860826}.Release|Any CPU.ActiveCfg = Release|Any CPU
		{35EB8AFF-3F16-44F4-BAF9-EDDC5B860826}.Release|Any CPU.Build.0 = Release|Any CPU
		{C3D2A439-83D0-4615-84E1-98F57AC8E7EF}.Debug|Any CPU.ActiveCfg = Debug|Any CPU
		{C3D2A439-83D0-4615-84E1-98F57AC8E7EF}.Debug|Any CPU.Build.0 = Debug|Any CPU
		{C3D2A439-83D0-4615-84E1-98F57AC8E7EF}.Release|Any CPU.ActiveCfg = Release|Any CPU
		{C3D2A439-83D0-4615-84E1-98F57AC8E7EF}.Release|Any CPU.Build.0 = Release|Any CPU
	EndGlobalSection
	GlobalSection(SolutionProperties) = preSolution
		HideSolutionNode = FALSE
	EndGlobalSection
EndGlobal
